
Microsoft Visual Studio Solution File, Format Version 12.00
# Visual Studio Version 17
VisualStudioVersion = 17.6.33829.357
MinimumVisualStudioVersion = 10.0.40219.1
Project("{FAE04EC0-301F-11D3-BF4B-00C04F79EFBC}") = "TI18N", "TI18N\TI18N.csproj", "{7B0F4F62-04F5-4DEC-AE17-BBA7D44936A4}"
EndProject
Global
	GlobalSection(SolutionConfigurationPlatforms) = preSolution
		Debug|Any CPU = Debug|Any CPU
		Release|Any CPU = Release|Any CPU
	EndGlobalSection
	GlobalSection(ProjectConfigurationPlatforms) = postSolution
		{7B0F4F62-04F5-4DEC-AE17-BBA7D44936A4}.Debug|Any CPU.ActiveCfg = Debug|Any CPU
		{7B0F4F62-04F5-4DEC-AE17-BBA7D44936A4}.Debug|Any CPU.Build.0 = Debug|Any CPU
		{7B0F4F62-04F5-4DEC-AE17-BBA7D44936A4}.Release|Any CPU.ActiveCfg = Release|Any CPU
		{7B0F4F62-04F5-4DEC-AE17-BBA7D44936A4}.Release|Any CPU.Build.0 = Release|Any CPU
	EndGlobalSection
	GlobalSection(SolutionProperties) = preSolution
		HideSolutionNode = FALSE
	EndGlobalSection
	GlobalSection(ExtensibilityGlobals) = postSolution
		SolutionGuid = {A783C677-8A4E-48E4-B64D-0147E9557A02}
	EndGlobalSection
EndGlobal
